
Microsoft Visual Studio Solution File, Format Version 12.00
# Visual Studio Version 17
VisualStudioVersion = 17.10.35027.167
MinimumVisualStudioVersion = 10.0.40219.1
Project("{FAE04EC0-301F-11D3-BF4B-00C04F79EFBC}") = "CarFactory", "CarFactory\CarFactory.csproj", "{F6ABA0E7-839C-45BA-A8C4-0B41B29951E3}"
EndProject
Project("{FAE04EC0-301F-11D3-BF4B-00C04F79EFBC}") = "CarFactory.Test", "CarFactory.Test\CarFactory.Test.csproj", "{095AEEB1-8017-4939-AC3D-244AE58CD9D7}"
EndProject
Global
	GlobalSection(SolutionConfigurationPlatforms) = preSolution
		Debug|Any CPU = Debug|Any CPU
		Release|Any CPU = Release|Any CPU
	EndGlobalSection
	GlobalSection(ProjectConfigurationPlatforms) = postSolution
		{F6ABA0E7-839C-45BA-A8C4-0B41B29951E3}.Debug|Any CPU.ActiveCfg = Debug|Any CPU
		{F6ABA0E7-839C-45BA-A8C4-0B41B29951E3}.Debug|Any CPU.Build.0 = Debug|Any CPU
		{F6ABA0E7-839C-45BA-A8C4-0B41B29951E3}.Release|Any CPU.ActiveCfg = Release|Any CPU
		{F6ABA0E7-839C-45BA-A8C4-0B41B29951E3}.Release|Any CPU.Build.0 = Release|Any CPU
		{095AEEB1-8017-4939-AC3D-244AE58CD9D7}.Debug|Any CPU.ActiveCfg = Debug|Any CPU
		{095AEEB1-8017-4939-AC3D-244AE58CD9D7}.Debug|Any CPU.Build.0 = Debug|Any CPU
		{095AEEB1-8017-4939-AC3D-244AE58CD9D7}.Release|Any CPU.ActiveCfg = Release|Any CPU
		{095AEEB1-8017-4939-AC3D-244AE58CD9D7}.Release|Any CPU.Build.0 = Release|Any CPU
	EndGlobalSection
	GlobalSection(SolutionProperties) = preSolution
		HideSolutionNode = FALSE
	EndGlobalSection
	GlobalSection(ExtensibilityGlobals) = postSolution
		SolutionGuid = {4BD585CC-15C5-4B80-A75B-01203391E7DE}
	EndGlobalSection
EndGlobal
