
Microsoft Visual Studio Solution File, Format Version 12.00
# Visual Studio Version 17
VisualStudioVersion = 17.10.35027.167
MinimumVisualStudioVersion = 10.0.40219.1
Project("{9A19103F-16F7-4668-BE54-9A1E7A4F7556}") = "Fighters", "Fighters\Fighters.csproj", "{228F7A5E-FA22-4442-8C02-55EF118415E9}"
EndProject
Project("{FAE04EC0-301F-11D3-BF4B-00C04F79EFBC}") = "Fighters.Test", "Fighters.Test\Fighters.Test.csproj", "{757DC3F5-7936-4149-A51C-EC864EDBDF16}"
EndProject
Global
	GlobalSection(SolutionConfigurationPlatforms) = preSolution
		Debug|Any CPU = Debug|Any CPU
		Release|Any CPU = Release|Any CPU
	EndGlobalSection
	GlobalSection(ProjectConfigurationPlatforms) = postSolution
		{228F7A5E-FA22-4442-8C02-55EF118415E9}.Debug|Any CPU.ActiveCfg = Debug|Any CPU
		{228F7A5E-FA22-4442-8C02-55EF118415E9}.Debug|Any CPU.Build.0 = Debug|Any CPU
		{228F7A5E-FA22-4442-8C02-55EF118415E9}.Release|Any CPU.ActiveCfg = Release|Any CPU
		{228F7A5E-FA22-4442-8C02-55EF118415E9}.Release|Any CPU.Build.0 = Release|Any CPU
		{757DC3F5-7936-4149-A51C-EC864EDBDF16}.Debug|Any CPU.ActiveCfg = Debug|Any CPU
		{757DC3F5-7936-4149-A51C-EC864EDBDF16}.Debug|Any CPU.Build.0 = Debug|Any CPU
		{757DC3F5-7936-4149-A51C-EC864EDBDF16}.Release|Any CPU.ActiveCfg = Release|Any CPU
		{757DC3F5-7936-4149-A51C-EC864EDBDF16}.Release|Any CPU.Build.0 = Release|Any CPU
	EndGlobalSection
	GlobalSection(SolutionProperties) = preSolution
		HideSolutionNode = FALSE
	EndGlobalSection
	GlobalSection(ExtensibilityGlobals) = postSolution
		SolutionGuid = {CF01FCE9-B3F6-4DCA-AD01-41E4903F479B}
	EndGlobalSection
EndGlobal
